
Microsoft Visual Studio Solution File, Format Version 12.00
# Visual Studio Version 17
VisualStudioVersion = 17.4.33213.308
MinimumVisualStudioVersion = 10.0.40219.1
Project("{9A19103F-16F7-4668-BE54-9A1E7A4F7556}") = "Tarea", "Tarea\Tarea.csproj", "{CA8F3E00-3422-4643-8948-DF8CE5EC57D2}"
EndProject
Project("{9A19103F-16F7-4668-BE54-9A1E7A4F7556}") = "BLL", "BLL\BLL.csproj", "{92A0EBD7-AC00-424C-8278-9C0B243C24CD}"
EndProject
Project("{9A19103F-16F7-4668-BE54-9A1E7A4F7556}") = "DAT", "DAT\DAT.csproj", "{33751EEF-788F-43DB-9D67-C58F4C13DFFE}"
EndProject
Project("{9A19103F-16F7-4668-BE54-9A1E7A4F7556}") = "MODELS", "MODELS\MODELS.csproj", "{03C86FEF-1301-498D-B803-1A2F126AFF7C}"
EndProject
Project("{FAE04EC0-301F-11D3-BF4B-00C04F79EFBC}") = "DTO_Comunes", "DTO_Comunes\DTO_Comunes.csproj", "{FB05957D-A294-4E16-8690-A0BB4C9BB548}"
EndProject
Global
	GlobalSection(SolutionConfigurationPlatforms) = preSolution
		Debug|Any CPU = Debug|Any CPU
		Release|Any CPU = Release|Any CPU
	EndGlobalSection
	GlobalSection(ProjectConfigurationPlatforms) = postSolution
		{CA8F3E00-3422-4643-8948-DF8CE5EC57D2}.Debug|Any CPU.ActiveCfg = Debug|Any CPU
		{CA8F3E00-3422-4643-8948-DF8CE5EC57D2}.Debug|Any CPU.Build.0 = Debug|Any CPU
		{CA8F3E00-3422-4643-8948-DF8CE5EC57D2}.Release|Any CPU.ActiveCfg = Release|Any CPU
		{CA8F3E00-3422-4643-8948-DF8CE5EC57D2}.Release|Any CPU.Build.0 = Release|Any CPU
		{92A0EBD7-AC00-424C-8278-9C0B243C24CD}.Debug|Any CPU.ActiveCfg = Debug|Any CPU
		{92A0EBD7-AC00-424C-8278-9C0B243C24CD}.Debug|Any CPU.Build.0 = Debug|Any CPU
		{92A0EBD7-AC00-424C-8278-9C0B243C24CD}.Release|Any CPU.ActiveCfg = Release|Any CPU
		{92A0EBD7-AC00-424C-8278-9C0B243C24CD}.Release|Any CPU.Build.0 = Release|Any CPU
		{33751EEF-788F-43DB-9D67-C58F4C13DFFE}.Debug|Any CPU.ActiveCfg = Debug|Any CPU
		{33751EEF-788F-43DB-9D67-C58F4C13DFFE}.Debug|Any CPU.Build.0 = Debug|Any CPU
		{33751EEF-788F-43DB-9D67-C58F4C13DFFE}.Release|Any CPU.ActiveCfg = Release|Any CPU
		{33751EEF-788F-43DB-9D67-C58F4C13DFFE}.Release|Any CPU.Build.0 = Release|Any CPU
		{03C86FEF-1301-498D-B803-1A2F126AFF7C}.Debug|Any CPU.ActiveCfg = Debug|Any CPU
		{03C86FEF-1301-498D-B803-1A2F126AFF7C}.Debug|Any CPU.Build.0 = Debug|Any CPU
		{03C86FEF-1301-498D-B803-1A2F126AFF7C}.Release|Any CPU.ActiveCfg = Release|Any CPU
		{03C86FEF-1301-498D-B803-1A2F126AFF7C}.Release|Any CPU.Build.0 = Release|Any CPU
		{FB05957D-A294-4E16-8690-A0BB4C9BB548}.Debug|Any CPU.ActiveCfg = Debug|Any CPU
		{FB05957D-A294-4E16-8690-A0BB4C9BB548}.Debug|Any CPU.Build.0 = Debug|Any CPU
		{FB05957D-A294-4E16-8690-A0BB4C9BB548}.Release|Any CPU.ActiveCfg = Release|Any CPU
		{FB05957D-A294-4E16-8690-A0BB4C9BB548}.Release|Any CPU.Build.0 = Release|Any CPU
	EndGlobalSection
	GlobalSection(SolutionProperties) = preSolution
		HideSolutionNode = FALSE
	EndGlobalSection
	GlobalSection(ExtensibilityGlobals) = postSolution
		SolutionGuid = {0F500E70-16F0-4E0A-9FDB-40ABF82A4B24}
	EndGlobalSection
EndGlobal
